<?xml version="1.0" encoding="utf-8"?>
<Project ToolsVersion="4.0" xmlns="http://schemas.microsoft.com/developer/msbuild/2003">
  <ItemGroup>
    <ClInclude Include="step.h">
      <Filter>header</Filter>
    </ClInclude>
    <ClInclude Include="params.h">
      <Filter>header</Filter>
    </ClInclude>
    <ClInclude Include="cudaClaw_main.h">
      <Filter>header</Filter>
    </ClInclude>
    <ClInclude Include="common.h">
      <Filter>header</Filter>
    </ClInclude>
    <ClInclude Include="Timer.h">
      <Filter>Timer\header</Filter>
    </ClInclude>
    <ClInclude Include="glext.h">
      <Filter>Visualizer\header</Filter>
    </ClInclude>
    <ClInclude Include="glInfo.h">
      <Filter>Visualizer\header</Filter>
    </ClInclude>
    <ClInclude Include="Visualizer2D.h">
      <Filter>Visualizer\header</Filter>
    </ClInclude>
    <ClInclude Include="fused_Riemann_Limiter_headers.h">
      <Filter>header</Filter>
    </ClInclude>
    <ClInclude Include="reduce_Max.h">
      <Filter>header</Filter>
    </ClInclude>
    <ClInclude Include="Visualizer2D_header.h">
      <Filter>Visualizer\header</Filter>
    </ClInclude>
    <ClInclude Include="test.h">
      <Filter>header</Filter>
    </ClInclude>
    <ClInclude Include="boundary_conditions_header.h">
      <Filter>header</Filter>
    </ClInclude>
    <ClInclude Include="boundary_conditions.h">
      <Filter>header</Filter>
    </ClInclude>
    <ClInclude Include="boundary_condtions.cuh">
      <Filter>header\excluded from build</Filter>
    </ClInclude>
    <ClInclude Include="Limiters.h">
      <Filter>header\excluded from build</Filter>
    </ClInclude>
    <ClInclude Include="Riemann_Flux.h">
      <Filter>header\excluded from build</Filter>
    </ClInclude>
    <ClInclude Include="Riemann_Flux.cpp">
      <Filter>source\excluded from build</Filter>
    </ClInclude>
    <ClInclude Include="fused_Riemann_Limiter.h">
      <Filter>header</Filter>
    </ClInclude>
  </ItemGroup>
  <ItemGroup>
    <CudaCompile Include="cudaCLAW_main.cu">
      <Filter>source</Filter>
    </CudaCompile>
    <CudaCompile Include="boundary_conditions.cu">
      <Filter>source\excluded from build</Filter>
    </CudaCompile>
    <CudaCompile Include="Visualizer2D.cu">
      <Filter>Visualizer\source\excluded from build</Filter>
    </CudaCompile>
  </ItemGroup>
  <ItemGroup>
    <Filter Include="header">
      <UniqueIdentifier>{18b93d9d-3056-48ee-9bfb-f42773228ed0}</UniqueIdentifier>
    </Filter>
    <Filter Include="source">
      <UniqueIdentifier>{314959d7-2e8b-494b-a123-f7621f6118f8}</UniqueIdentifier>
    </Filter>
    <Filter Include="Timer">
      <UniqueIdentifier>{6c7da9b6-ddef-487a-ae48-cd36472bf04b}</UniqueIdentifier>
    </Filter>
    <Filter Include="Timer\source">
      <UniqueIdentifier>{a970a299-b6f9-46ac-8a4c-ebd670478ab5}</UniqueIdentifier>
    </Filter>
    <Filter Include="Timer\header">
      <UniqueIdentifier>{1df84b02-0889-4193-ad59-1a9ad5082604}</UniqueIdentifier>
    </Filter>
    <Filter Include="Visualizer">
      <UniqueIdentifier>{2299fb56-5100-49cd-af28-c33b75391c1d}</UniqueIdentifier>
    </Filter>
    <Filter Include="Visualizer\header">
      <UniqueIdentifier>{98ff33cf-4e53-49b7-bdc2-09e775ec891c}</UniqueIdentifier>
    </Filter>
    <Filter Include="Visualizer\source">
      <UniqueIdentifier>{0564c5f9-007d-4e45-b7e2-a5d471bfe774}</UniqueIdentifier>
    </Filter>
    <Filter Include="header\excluded from build">
      <UniqueIdentifier>{da8b97e6-7ce2-4ee8-b766-e4cdf4a45b68}</UniqueIdentifier>
    </Filter>
    <Filter Include="source\excluded from build">
      <UniqueIdentifier>{5007d1b5-86d8-4c32-b370-a173be866800}</UniqueIdentifier>
    </Filter>
    <Filter Include="Visualizer\source\excluded from build">
      <UniqueIdentifier>{1b5b0c3b-df70-46c4-a6b4-3db534ce9cc4}</UniqueIdentifier>
    </Filter>
  </ItemGroup>
  <ItemGroup>
    <ClCompile Include="Timer.cpp">
      <Filter>Timer\source</Filter>
    </ClCompile>
    <ClCompile Include="glInfo.cpp">
      <Filter>Visualizer\source</Filter>
    </ClCompile>
    <ClCompile Include="GlutInterface.h">
      <Filter>source</Filter>
    </ClCompile>
    <ClCompile Include="Visualizer2D.tpp">
      <Filter>Visualizer\source\excluded from build</Filter>
    </ClCompile>
  </ItemGroup>
</Project>